# This file is generated by running "yarn install" inside your project.
# Manual changes might be lost - proceed with caution!

__metadata:
  version: 8
  cacheKey: 10c0

"@mikdash/api@workspace:apps/api":
  version: 0.0.0-use.local
  resolution: "@mikdash/api@workspace:apps/api"
  dependencies:
    "@mikdash/data-storage": "workspace:*"
    "@mikdash/feature": "workspace:*"
    "@mikdash/server": "workspace:*"
  languageName: unknown
  linkType: soft

"@mikdash/components@workspace:*, @mikdash/components@workspace:packages/components":
  version: 0.0.0-use.local
  resolution: "@mikdash/components@workspace:packages/components"
  languageName: unknown
  linkType: soft

"@mikdash/data-storage@workspace:*, @mikdash/data-storage@workspace:packages/data-storage":
  version: 0.0.0-use.local
  resolution: "@mikdash/data-storage@workspace:packages/data-storage"
  languageName: unknown
  linkType: soft

"@mikdash/feature@workspace:*, @mikdash/feature@workspace:packages/feature":
  version: 0.0.0-use.local
  resolution: "@mikdash/feature@workspace:packages/feature"
  languageName: unknown
  linkType: soft

"@mikdash/server@workspace:*, @mikdash/server@workspace:packages/server":
  version: 0.0.0-use.local
  resolution: "@mikdash/server@workspace:packages/server"
  dependencies:
    "@mikdash/data-storage": "workspace:*"
  languageName: unknown
  linkType: soft

"@mikdash/state@workspace:*, @mikdash/state@workspace:packages/state":
  version: 0.0.0-use.local
  resolution: "@mikdash/state@workspace:packages/state"
  languageName: unknown
  linkType: soft

"@mikdash/web@workspace:apps/web":
  version: 0.0.0-use.local
  resolution: "@mikdash/web@workspace:apps/web"
  dependencies:
    "@mikdash/components": "workspace:*"
    "@mikdash/server": "workspace:*"
    "@mikdash/state": "workspace:*"
  languageName: unknown
  linkType: soft

"mikdash@workspace:.":
  version: 0.0.0-use.local
  resolution: "mikdash@workspace:."
  languageName: unknown
  linkType: soft
